
Microsoft Visual Studio Solution File, Format Version 12.00
# Visual Studio Version 17
VisualStudioVersion = 17.5.33414.496
MinimumVisualStudioVersion = 10.0.40219.1
Project("{FAE04EC0-301F-11D3-BF4B-00C04F79EFBC}") = "MyCoolLexer", "MyCoolLexer.csproj", "{F90D5004-1491-430D-B558-BF6E590B1D44}"
EndProject
Global
	GlobalSection(SolutionConfigurationPlatforms) = preSolution
		Debug|Any CPU = Debug|Any CPU
		Release|Any CPU = Release|Any CPU
	EndGlobalSection
	GlobalSection(ProjectConfigurationPlatforms) = postSolution
		{F90D5004-1491-430D-B558-BF6E590B1D44}.Debug|Any CPU.ActiveCfg = Debug|Any CPU
		{F90D5004-1491-430D-B558-BF6E590B1D44}.Debug|Any CPU.Build.0 = Debug|Any CPU
		{F90D5004-1491-430D-B558-BF6E590B1D44}.Release|Any CPU.ActiveCfg = Release|Any CPU
		{F90D5004-1491-430D-B558-BF6E590B1D44}.Release|Any CPU.Build.0 = Release|Any CPU
	EndGlobalSection
	GlobalSection(SolutionProperties) = preSolution
		HideSolutionNode = FALSE
	EndGlobalSection
	GlobalSection(ExtensibilityGlobals) = postSolution
		SolutionGuid = {09D15BEA-EC53-441A-B290-14BAF4FFCF47}
	EndGlobalSection
EndGlobal
